
Microsoft Visual Studio Solution File, Format Version 12.00
# Visual Studio Version 16
VisualStudioVersion = 16.0.31911.196
MinimumVisualStudioVersion = 10.0.40219.1
Project("{9A19103F-16F7-4668-BE54-9A1E7A4F7556}") = "EncryptSortandPrintArray", "EncryptSortandPrintArray\EncryptSortandPrintArray.csproj", "{128DD59E-BF4A-4F94-A4EB-23999E9EE421}"
EndProject
Project("{9A19103F-16F7-4668-BE54-9A1E7A4F7556}") = "4.FoldandSum", "4.FoldandSum\4.FoldandSum.csproj", "{D9E7BA8C-6AAF-40C9-A095-B011C6BA1850}"
EndProject
Global
	GlobalSection(SolutionConfigurationPlatforms) = preSolution
		Debug|Any CPU = Debug|Any CPU
		Release|Any CPU = Release|Any CPU
	EndGlobalSection
	GlobalSection(ProjectConfigurationPlatforms) = postSolution
		{128DD59E-BF4A-4F94-A4EB-23999E9EE421}.Debug|Any CPU.ActiveCfg = Debug|Any CPU
		{128DD59E-BF4A-4F94-A4EB-23999E9EE421}.Debug|Any CPU.Build.0 = Debug|Any CPU
		{128DD59E-BF4A-4F94-A4EB-23999E9EE421}.Release|Any CPU.ActiveCfg = Release|Any CPU
		{128DD59E-BF4A-4F94-A4EB-23999E9EE421}.Release|Any CPU.Build.0 = Release|Any CPU
		{D9E7BA8C-6AAF-40C9-A095-B011C6BA1850}.Debug|Any CPU.ActiveCfg = Debug|Any CPU
		{D9E7BA8C-6AAF-40C9-A095-B011C6BA1850}.Debug|Any CPU.Build.0 = Debug|Any CPU
		{D9E7BA8C-6AAF-40C9-A095-B011C6BA1850}.Release|Any CPU.ActiveCfg = Release|Any CPU
		{D9E7BA8C-6AAF-40C9-A095-B011C6BA1850}.Release|Any CPU.Build.0 = Release|Any CPU
	EndGlobalSection
	GlobalSection(SolutionProperties) = preSolution
		HideSolutionNode = FALSE
	EndGlobalSection
	GlobalSection(ExtensibilityGlobals) = postSolution
		SolutionGuid = {EEA38C5D-1B79-4DE0-8CA5-772832CF0209}
	EndGlobalSection
EndGlobal
