
Microsoft Visual Studio Solution File, Format Version 12.00
# Visual Studio Version 16
VisualStudioVersion = 16.0.31911.196
MinimumVisualStudioVersion = 10.0.40219.1
Project("{FAE04EC0-301F-11D3-BF4B-00C04F79EFBC}") = "EncryptSortandPrintArray", "EncryptSortandPrintArray\EncryptSortandPrintArray.csproj", "{128DD59E-BF4A-4F94-A4EB-23999E9EE421}"
EndProject
Project("{FAE04EC0-301F-11D3-BF4B-00C04F79EFBC}") = "PascalTriangle", "PascalTriangle\PascalTriangle.csproj", "{8FCC208B-11A6-41C9-B5D5-6F3EF794EBAB}"
EndProject
Project("{FAE04EC0-301F-11D3-BF4B-00C04F79EFBC}") = "RecursiveFibonacci", "RecursiveFibonacci\RecursiveFibonacci.csproj", "{7E21E7A1-5C94-474F-91C3-663C8E4D8AE7}"
EndProject
Project("{FAE04EC0-301F-11D3-BF4B-00C04F79EFBC}") = "4.FoldandSum", "4.FoldandSum\4.FoldandSum.csproj", "{D9E7BA8C-6AAF-40C9-A095-B011C6BA1850}"
EndProject
Project("{FAE04EC0-301F-11D3-BF4B-00C04F79EFBC}") = "5.LongestIncreasingSubsequence(LIS)", "5.LongestIncreasingSubsequence(LIS)\5.LongestIncreasingSubsequence(LIS).csproj", "{A1EBAA18-CFD2-4244-B0FE-E8AAA3774BC5}"
EndProject
Global
	GlobalSection(SolutionConfigurationPlatforms) = preSolution
		Debug|Any CPU = Debug|Any CPU
		Release|Any CPU = Release|Any CPU
	EndGlobalSection
	GlobalSection(ProjectConfigurationPlatforms) = postSolution
		{128DD59E-BF4A-4F94-A4EB-23999E9EE421}.Debug|Any CPU.ActiveCfg = Debug|Any CPU
		{128DD59E-BF4A-4F94-A4EB-23999E9EE421}.Debug|Any CPU.Build.0 = Debug|Any CPU
		{128DD59E-BF4A-4F94-A4EB-23999E9EE421}.Release|Any CPU.ActiveCfg = Release|Any CPU
		{128DD59E-BF4A-4F94-A4EB-23999E9EE421}.Release|Any CPU.Build.0 = Release|Any CPU
		{8FCC208B-11A6-41C9-B5D5-6F3EF794EBAB}.Debug|Any CPU.ActiveCfg = Debug|Any CPU
		{8FCC208B-11A6-41C9-B5D5-6F3EF794EBAB}.Debug|Any CPU.Build.0 = Debug|Any CPU
		{8FCC208B-11A6-41C9-B5D5-6F3EF794EBAB}.Release|Any CPU.ActiveCfg = Release|Any CPU
		{8FCC208B-11A6-41C9-B5D5-6F3EF794EBAB}.Release|Any CPU.Build.0 = Release|Any CPU
		{7E21E7A1-5C94-474F-91C3-663C8E4D8AE7}.Debug|Any CPU.ActiveCfg = Debug|Any CPU
		{7E21E7A1-5C94-474F-91C3-663C8E4D8AE7}.Debug|Any CPU.Build.0 = Debug|Any CPU
		{7E21E7A1-5C94-474F-91C3-663C8E4D8AE7}.Release|Any CPU.ActiveCfg = Release|Any CPU
		{7E21E7A1-5C94-474F-91C3-663C8E4D8AE7}.Release|Any CPU.Build.0 = Release|Any CPU
		{D9E7BA8C-6AAF-40C9-A095-B011C6BA1850}.Debug|Any CPU.ActiveCfg = Debug|Any CPU
		{D9E7BA8C-6AAF-40C9-A095-B011C6BA1850}.Debug|Any CPU.Build.0 = Debug|Any CPU
		{D9E7BA8C-6AAF-40C9-A095-B011C6BA1850}.Release|Any CPU.ActiveCfg = Release|Any CPU
		{D9E7BA8C-6AAF-40C9-A095-B011C6BA1850}.Release|Any CPU.Build.0 = Release|Any CPU
		{A1EBAA18-CFD2-4244-B0FE-E8AAA3774BC5}.Debug|Any CPU.ActiveCfg = Debug|Any CPU
		{A1EBAA18-CFD2-4244-B0FE-E8AAA3774BC5}.Debug|Any CPU.Build.0 = Debug|Any CPU
		{A1EBAA18-CFD2-4244-B0FE-E8AAA3774BC5}.Release|Any CPU.ActiveCfg = Release|Any CPU
		{A1EBAA18-CFD2-4244-B0FE-E8AAA3774BC5}.Release|Any CPU.Build.0 = Release|Any CPU
	EndGlobalSection
	GlobalSection(SolutionProperties) = preSolution
		HideSolutionNode = FALSE
	EndGlobalSection
	GlobalSection(ExtensibilityGlobals) = postSolution
		SolutionGuid = {EEA38C5D-1B79-4DE0-8CA5-772832CF0209}
	EndGlobalSection
EndGlobal
